
Microsoft Visual Studio Solution File, Format Version 12.00
# Visual Studio 15
VisualStudioVersion = 15.0.28010.2050
MinimumVisualStudioVersion = 10.0.40219.1
Project("{FAE04EC0-301F-11D3-BF4B-00C04F79EFBC}") = "webproject2", "webproject2\webproject2.csproj", "{309B014E-0D8C-4C7A-8E5A-C10A55873726}"
EndProject
Global
	GlobalSection(SolutionConfigurationPlatforms) = preSolution
		Debug|Any CPU = Debug|Any CPU
		Release|Any CPU = Release|Any CPU
	EndGlobalSection
	GlobalSection(ProjectConfigurationPlatforms) = postSolution
		{309B014E-0D8C-4C7A-8E5A-C10A55873726}.Debug|Any CPU.ActiveCfg = Debug|Any CPU
		{309B014E-0D8C-4C7A-8E5A-C10A55873726}.Debug|Any CPU.Build.0 = Debug|Any CPU
		{309B014E-0D8C-4C7A-8E5A-C10A55873726}.Release|Any CPU.ActiveCfg = Release|Any CPU
		{309B014E-0D8C-4C7A-8E5A-C10A55873726}.Release|Any CPU.Build.0 = Release|Any CPU
	EndGlobalSection
	GlobalSection(SolutionProperties) = preSolution
		HideSolutionNode = FALSE
	EndGlobalSection
	GlobalSection(ExtensibilityGlobals) = postSolution
		SolutionGuid = {9F9B8833-FE01-4429-A797-CBD7514DCC59}
	EndGlobalSection
EndGlobal
